
Microsoft Visual Studio Solution File, Format Version 12.00
# Visual Studio Version 16
VisualStudioVersion = 16.0.30413.136
MinimumVisualStudioVersion = 10.0.40219.1
Project("{FAE04EC0-301F-11D3-BF4B-00C04F79EFBC}") = "Sol_Demo", "Sol_Demo\Sol_Demo.csproj", "{1A91900E-AEB5-4C7A-A6F9-5AA705C098C6}"
EndProject
Global
	GlobalSection(SolutionConfigurationPlatforms) = preSolution
		Debug|Any CPU = Debug|Any CPU
		Release|Any CPU = Release|Any CPU
	EndGlobalSection
	GlobalSection(ProjectConfigurationPlatforms) = postSolution
		{1A91900E-AEB5-4C7A-A6F9-5AA705C098C6}.Debug|Any CPU.ActiveCfg = Debug|Any CPU
		{1A91900E-AEB5-4C7A-A6F9-5AA705C098C6}.Debug|Any CPU.Build.0 = Debug|Any CPU
		{1A91900E-AEB5-4C7A-A6F9-5AA705C098C6}.Release|Any CPU.ActiveCfg = Release|Any CPU
		{1A91900E-AEB5-4C7A-A6F9-5AA705C098C6}.Release|Any CPU.Build.0 = Release|Any CPU
	EndGlobalSection
	GlobalSection(SolutionProperties) = preSolution
		HideSolutionNode = FALSE
	EndGlobalSection
	GlobalSection(ExtensibilityGlobals) = postSolution
		SolutionGuid = {77374FB0-0C0A-4E03-AEAB-44E67C73FB26}
	EndGlobalSection
EndGlobal
